# THIS IS AN AUTOGENERATED FILE. DO NOT EDIT THIS FILE DIRECTLY.
# yarn lockfile v1


addr-to-ip-port@^1.0.1:
  version "1.5.1"
  resolved "https://registry.npm.taobao.org/addr-to-ip-port/download/addr-to-ip-port-1.5.1.tgz#bfada13fd6aeeeac19f1e9f7d84b4bbab45e5208"
  integrity sha1-v62hP9au7qwZ8en32EtLurReUgg=

base64-js@^1.3.1:
  version "1.5.1"
  resolved "https://registry.npm.taobao.org/base64-js/download/base64-js-1.5.1.tgz?cache=0&other_urls=https%3A%2F%2Fregistry.npm.taobao.org%2Fbase64-js%2Fdownload%2Fbase64-js-1.5.1.tgz#1b1b440160a5bf7ad40b650f095963481903930a"
  integrity sha1-GxtEAWClv3rUC2UPCVljSBkDkwo=

bencode@^2.0.1:
  version "2.0.1"
  resolved "https://registry.npm.taobao.org/bencode/download/bencode-2.0.1.tgz#667a6a31c5e038d558608333da6b7c94e836c85b"
  integrity sha1-ZnpqMcXgONVYYIMz2mt8lOg2yFs=
  dependencies:
    safe-buffer "^5.1.1"

bittorrent-peerid@^1.3.2:
  version "1.3.3"
  resolved "https://registry.npm.taobao.org/bittorrent-peerid/download/bittorrent-peerid-1.3.3.tgz#b8dc79e421f8136d2ffd0b163a18e9d70da09949"
  integrity sha1-uNx55CH4E20v/QsWOhjp1w2gmUk=

bittorrent-tracker@^9.15.0:
  version "9.15.0"
  resolved "https://registry.npm.taobao.org/bittorrent-tracker/download/bittorrent-tracker-9.15.0.tgz#551ce0665386f8cf5b240139d2a5a8c2b2a9bd16"
  integrity sha1-VRzgZlOG+M9bJAE50qWowrKpvRY=
  dependencies:
    bencode "^2.0.1"
    bittorrent-peerid "^1.3.2"
    bn.js "^5.1.1"
    chrome-dgram "^3.0.4"
    compact2string "^1.4.1"
    debug "^4.1.1"
    ip "^1.1.5"
    lru "^3.1.0"
    minimist "^1.2.5"
    once "^1.4.0"
    random-iterate "^1.0.1"
    randombytes "^2.1.0"
    run-parallel "^1.1.9"
    run-series "^1.1.8"
    simple-get "^4.0.0"
    simple-peer "^9.7.1"
    simple-websocket "^8.1.1"
    string2compact "^1.3.0"
    unordered-array-remove "^1.0.2"
    ws "^7.3.0"
  optionalDependencies:
    bufferutil "^4.0.1"
    utf-8-validate "^5.0.2"

bn.js@^5.1.1:
  version "5.1.3"
  resolved "https://registry.npm.taobao.org/bn.js/download/bn.js-5.1.3.tgz#beca005408f642ebebea80b042b4d18d2ac0ee6b"
  integrity sha1-vsoAVAj2Quvr6oCwQrTRjSrA7ms=

buffer@^6.0.2:
  version "6.0.3"
  resolved "https://registry.npm.taobao.org/buffer/download/buffer-6.0.3.tgz?cache=0&sync_timestamp=1606098066706&other_urls=https%3A%2F%2Fregistry.npm.taobao.org%2Fbuffer%2Fdownload%2Fbuffer-6.0.3.tgz#2ace578459cc8fbe2a70aaa8f52ee63b6a74c6c6"
  integrity sha1-Ks5XhFnMj74qcKqo9S7mO2p0xsY=
  dependencies:
    base64-js "^1.3.1"
    ieee754 "^1.2.1"

bufferutil@^4.0.1:
  version "4.0.2"
  resolved "https://registry.npm.taobao.org/bufferutil/download/bufferutil-4.0.2.tgz#79f68631910f6b993d870fc77dc0a2894eb96cd5"
  integrity sha1-efaGMZEPa5k9hw/HfcCiiU65bNU=
  dependencies:
    node-gyp-build "^4.2.0"

chrome-dgram@^3.0.4:
  version "3.0.6"
  resolved "https://registry.npm.taobao.org/chrome-dgram/download/chrome-dgram-3.0.6.tgz#2288b5c7471f66f073691206d36319dda713cf55"
  integrity sha1-Ioi1x0cfZvBzaRIG02MZ3acTz1U=
  dependencies:
    inherits "^2.0.4"
    run-series "^1.1.9"

compact2string@^1.4.1:
  version "1.4.1"
  resolved "https://registry.npm.taobao.org/compact2string/download/compact2string-1.4.1.tgz#8d34929055f8300a13cfc030ad1832e2e53c2e25"
  integrity sha1-jTSSkFX4MAoTz8AwrRgy4uU8LiU=
  dependencies:
    ipaddr.js ">= 0.1.5"

debug@^4.1.1, debug@^4.2.0:
  version "4.3.1"
  resolved "https://registry.npm.taobao.org/debug/download/debug-4.3.1.tgz?cache=0&sync_timestamp=1607566571506&other_urls=https%3A%2F%2Fregistry.npm.taobao.org%2Fdebug%2Fdownload%2Fdebug-4.3.1.tgz#f0d229c505e0c6d8c49ac553d1b13dc183f6b2ee"
  integrity sha1-8NIpxQXgxtjEmsVT0bE9wYP2su4=
  dependencies:
    ms "2.1.2"

decompress-response@^6.0.0:
  version "6.0.0"
  resolved "https://registry.npm.taobao.org/decompress-response/download/decompress-response-6.0.0.tgz?cache=0&other_urls=https%3A%2F%2Fregistry.npm.taobao.org%2Fdecompress-response%2Fdownload%2Fdecompress-response-6.0.0.tgz#ca387612ddb7e104bd16d85aab00d5ecf09c66fc"
  integrity sha1-yjh2Et234QS9FthaqwDV7PCcZvw=
  dependencies:
    mimic-response "^3.1.0"

err-code@^2.0.3:
  version "2.0.3"
  resolved "https://registry.npm.taobao.org/err-code/download/err-code-2.0.3.tgz?cache=0&sync_timestamp=1592481039086&other_urls=https%3A%2F%2Fregistry.npm.taobao.org%2Ferr-code%2Fdownload%2Ferr-code-2.0.3.tgz#23c2f3b756ffdfc608d30e27c9a941024807e7f9"
  integrity sha1-I8Lzt1b/38YI0w4nyalBAkgH5/k=

get-browser-rtc@^1.0.2:
  version "1.1.0"
  resolved "https://registry.npm.taobao.org/get-browser-rtc/download/get-browser-rtc-1.1.0.tgz#d1494e299b00f33fc8e9d6d3343ba4ba99711a2c"
  integrity sha1-0UlOKZsA8z/I6dbTNDukuplxGiw=

ieee754@^1.2.1:
  version "1.2.1"
  resolved "https://registry.npm.taobao.org/ieee754/download/ieee754-1.2.1.tgz#8eb7a10a63fff25d15a57b001586d177d1b0d352"
  integrity sha1-jrehCmP/8l0VpXsAFYbRd9Gw01I=

inherits@^2.0.1, inherits@^2.0.3, inherits@^2.0.4:
  version "2.0.4"
  resolved "https://registry.npm.taobao.org/inherits/download/inherits-2.0.4.tgz#0fa2c64f932917c3433a0ded55363aae37416b7c"
  integrity sha1-D6LGT5MpF8NDOg3tVTY6rjdBa3w=

ip@^1.1.5:
  version "1.1.5"
  resolved "https://registry.npm.taobao.org/ip/download/ip-1.1.5.tgz#bdded70114290828c0a039e72ef25f5aaec4354a"
  integrity sha1-vd7XARQpCCjAoDnnLvJfWq7ENUo=

"ipaddr.js@>= 0.1.5":
  version "2.0.0"
  resolved "https://registry.npm.taobao.org/ipaddr.js/download/ipaddr.js-2.0.0.tgz#77ccccc8063ae71ab65c55f21b090698e763fc6e"
  integrity sha1-d8zMyAY65xq2XFXyGwkGmOdj/G4=

ipaddr.js@^1.0.1:
  version "1.9.1"
  resolved "https://registry.npm.taobao.org/ipaddr.js/download/ipaddr.js-1.9.1.tgz#bff38543eeb8984825079ff3a2a8e6cbd46781b3"
  integrity sha1-v/OFQ+64mEglB5/zoqjmy9RngbM=

lru@^3.1.0:
  version "3.1.0"
  resolved "https://registry.npm.taobao.org/lru/download/lru-3.1.0.tgz#ea7fb8546d83733396a13091d76cfeb4c06837d5"
  integrity sha1-6n+4VG2DczOWoTCR12z+tMBoN9U=
  dependencies:
    inherits "^2.0.1"

mimic-response@^3.1.0:
  version "3.1.0"
  resolved "https://registry.npm.taobao.org/mimic-response/download/mimic-response-3.1.0.tgz?cache=0&sync_timestamp=1589481080007&other_urls=https%3A%2F%2Fregistry.npm.taobao.org%2Fmimic-response%2Fdownload%2Fmimic-response-3.1.0.tgz#2d1d59af9c1b129815accc2c46a022a5ce1fa3c9"
  integrity sha1-LR1Zr5wbEpgVrMwsRqAipc4fo8k=

minimist@^1.2.5:
  version "1.2.5"
  resolved "https://registry.npm.taobao.org/minimist/download/minimist-1.2.5.tgz#67d66014b66a6a8aaa0c083c5fd58df4e4e97602"
  integrity sha1-Z9ZgFLZqaoqqDAg8X9WN9OTpdgI=

ms@2.1.2:
  version "2.1.2"
  resolved "https://registry.npm.taobao.org/ms/download/ms-2.1.2.tgz?cache=0&sync_timestamp=1607433872491&other_urls=https%3A%2F%2Fregistry.npm.taobao.org%2Fms%2Fdownload%2Fms-2.1.2.tgz#d09d1f357b443f493382a8eb3ccd183872ae6009"
  integrity sha1-0J0fNXtEP0kzgqjrPM0YOHKuYAk=

node-gyp-build@^4.2.0:
  version "4.2.3"
  resolved "https://registry.npm.taobao.org/node-gyp-build/download/node-gyp-build-4.2.3.tgz?cache=0&sync_timestamp=1595241892444&other_urls=https%3A%2F%2Fregistry.npm.taobao.org%2Fnode-gyp-build%2Fdownload%2Fnode-gyp-build-4.2.3.tgz#ce6277f853835f718829efb47db20f3e4d9c4739"
  integrity sha1-zmJ3+FODX3GIKe+0fbIPPk2cRzk=

once@^1.3.1, once@^1.4.0:
  version "1.4.0"
  resolved "https://registry.npm.taobao.org/once/download/once-1.4.0.tgz#583b1aa775961d4b113ac17d9c50baef9dd76bd1"
  integrity sha1-WDsap3WWHUsROsF9nFC6753Xa9E=
  dependencies:
    wrappy "1"

queue-microtask@^1.1.0, queue-microtask@^1.2.0:
  version "1.2.2"
  resolved "https://registry.npm.taobao.org/queue-microtask/download/queue-microtask-1.2.2.tgz#abf64491e6ecf0f38a6502403d4cda04f372dfd3"
  integrity sha1-q/ZEkebs8POKZQJAPUzaBPNy39M=

random-iterate@^1.0.1:
  version "1.0.1"
  resolved "https://registry.npm.taobao.org/random-iterate/download/random-iterate-1.0.1.tgz#f7d97d92dee6665ec5f6da08c7f963cad4b2ac99"
  integrity sha1-99l9kt7mZl7F9toIx/ljytSyrJk=

randombytes@^2.0.3, randombytes@^2.1.0:
  version "2.1.0"
  resolved "https://registry.npm.taobao.org/randombytes/download/randombytes-2.1.0.tgz#df6f84372f0270dc65cdf6291349ab7a473d4f2a"
  integrity sha1-32+ENy8CcNxlzfYpE0mrekc9Tyo=
  dependencies:
    safe-buffer "^5.1.0"

readable-stream@^3.1.1, readable-stream@^3.6.0:
  version "3.6.0"
  resolved "https://registry.npm.taobao.org/readable-stream/download/readable-stream-3.6.0.tgz#337bbda3adc0706bd3e024426a286d4b4b2c9198"
  integrity sha1-M3u9o63AcGvT4CRCaihtS0sskZg=
  dependencies:
    inherits "^2.0.3"
    string_decoder "^1.1.1"
    util-deprecate "^1.0.1"

run-parallel@^1.1.9:
  version "1.1.10"
  resolved "https://registry.npm.taobao.org/run-parallel/download/run-parallel-1.1.10.tgz?cache=0&sync_timestamp=1603768269871&other_urls=https%3A%2F%2Fregistry.npm.taobao.org%2Frun-parallel%2Fdownload%2Frun-parallel-1.1.10.tgz#60a51b2ae836636c81377df16cb107351bcd13ef"
  integrity sha1-YKUbKug2Y2yBN33xbLEHNRvNE+8=

run-series@^1.1.8, run-series@^1.1.9:
  version "1.1.9"
  resolved "https://registry.npm.taobao.org/run-series/download/run-series-1.1.9.tgz#15ba9cb90e6a6c054e67c98e1dc063df0ecc113a"
  integrity sha1-FbqcuQ5qbAVOZ8mOHcBj3w7METo=

safe-buffer@^5.1.0, safe-buffer@^5.1.1, safe-buffer@~5.2.0:
  version "5.2.1"
  resolved "https://registry.npm.taobao.org/safe-buffer/download/safe-buffer-5.2.1.tgz#1eaf9fa9bdb1fdd4ec75f58f9cdb4e6b7827eec6"
  integrity sha1-Hq+fqb2x/dTsdfWPnNtOa3gn7sY=

simple-concat@^1.0.0:
  version "1.0.1"
  resolved "https://registry.npm.taobao.org/simple-concat/download/simple-concat-1.0.1.tgz?cache=0&sync_timestamp=1594960710401&other_urls=https%3A%2F%2Fregistry.npm.taobao.org%2Fsimple-concat%2Fdownload%2Fsimple-concat-1.0.1.tgz#f46976082ba35c2263f1c8ab5edfe26c41c9552f"
  integrity sha1-9Gl2CCujXCJj8cirXt/ibEHJVS8=

simple-get@^4.0.0:
  version "4.0.0"
  resolved "https://registry.npm.taobao.org/simple-get/download/simple-get-4.0.0.tgz?cache=0&sync_timestamp=1589564960937&other_urls=https%3A%2F%2Fregistry.npm.taobao.org%2Fsimple-get%2Fdownload%2Fsimple-get-4.0.0.tgz#73fa628278d21de83dadd5512d2cc1f4872bd675"
  integrity sha1-c/pignjSHeg9rdVRLSzB9Icr1nU=
  dependencies:
    decompress-response "^6.0.0"
    once "^1.3.1"
    simple-concat "^1.0.0"

simple-peer@^9.7.1:
  version "9.9.3"
  resolved "https://registry.npm.taobao.org/simple-peer/download/simple-peer-9.9.3.tgz#b52c39d1173620d06c8b29ada7ee2ad3384bb469"
  integrity sha1-tSw50Rc2INBsiymtp+4q0zhLtGk=
  dependencies:
    buffer "^6.0.2"
    debug "^4.2.0"
    err-code "^2.0.3"
    get-browser-rtc "^1.0.2"
    queue-microtask "^1.2.0"
    randombytes "^2.1.0"
    readable-stream "^3.6.0"

simple-websocket@^8.1.1:
  version "8.1.1"
  resolved "https://registry.npm.taobao.org/simple-websocket/download/simple-websocket-8.1.1.tgz#4fd68cb1301c1253b2607cfe0950a8be37e6116a"
  integrity sha1-T9aMsTAcElOyYHz+CVCovjfmEWo=
  dependencies:
    debug "^4.1.1"
    queue-microtask "^1.1.0"
    randombytes "^2.0.3"
    readable-stream "^3.1.1"
    ws "^7.0.0"

string2compact@^1.3.0:
  version "1.3.0"
  resolved "https://registry.npm.taobao.org/string2compact/download/string2compact-1.3.0.tgz#22d946127b082d1203c51316af60117a337423c3"
  integrity sha1-ItlGEnsILRIDxRMWr2ARejN0I8M=
  dependencies:
    addr-to-ip-port "^1.0.1"
    ipaddr.js "^1.0.1"

string_decoder@^1.1.1:
  version "1.3.0"
  resolved "https://registry.npm.taobao.org/string_decoder/download/string_decoder-1.3.0.tgz#42f114594a46cf1a8e30b0a84f56c78c3edac21e"
  integrity sha1-QvEUWUpGzxqOMLCoT1bHjD7awh4=
  dependencies:
    safe-buffer "~5.2.0"

unordered-array-remove@^1.0.2:
  version "1.0.2"
  resolved "https://registry.npm.taobao.org/unordered-array-remove/download/unordered-array-remove-1.0.2.tgz#c546e8f88e317a0cf2644c97ecb57dba66d250ef"
  integrity sha1-xUbo+I4xegzyZEyX7LV9umbSUO8=

utf-8-validate@^5.0.2:
  version "5.0.3"
  resolved "https://registry.npm.taobao.org/utf-8-validate/download/utf-8-validate-5.0.3.tgz#3b64e418ad2ff829809025fdfef595eab2f03a27"
  integrity sha1-O2TkGK0v+CmAkCX9/vWV6rLwOic=
  dependencies:
    node-gyp-build "^4.2.0"

util-deprecate@^1.0.1:
  version "1.0.2"
  resolved "https://registry.npm.taobao.org/util-deprecate/download/util-deprecate-1.0.2.tgz#450d4dc9fa70de732762fbd2d4a28981419a0ccf"
  integrity sha1-RQ1Nyfpw3nMnYvvS1KKJgUGaDM8=

wrappy@1:
  version "1.0.2"
  resolved "https://registry.npm.taobao.org/wrappy/download/wrappy-1.0.2.tgz#b5243d8f3ec1aa35f1364605bc0d1036e30ab69f"
  integrity sha1-tSQ9jz7BqjXxNkYFvA0QNuMKtp8=

ws@^7.0.0, ws@^7.3.0:
  version "7.4.1"
  resolved "https://registry.npm.taobao.org/ws/download/ws-7.4.1.tgz?cache=0&sync_timestamp=1607116018571&other_urls=https%3A%2F%2Fregistry.npm.taobao.org%2Fws%2Fdownload%2Fws-7.4.1.tgz#a333be02696bd0e54cea0434e21dcc8a9ac294bb"
  integrity sha1-ozO+Amlr0OVM6gQ04h3MiprClLs=
